
Microsoft Visual Studio Solution File, Format Version 12.00
# Visual Studio Version 16
VisualStudioVersion = 16.0.31105.61
MinimumVisualStudioVersion = 10.0.40219.1
Project("{FAE04EC0-301F-11D3-BF4B-00C04F79EFBC}") = "KeLi.Gobang", "KeLi.Gobang\KeLi.Gobang.csproj", "{759AEFA8-AB46-4C9C-93EE-9DEC0C51D384}"
EndProject
Global
	GlobalSection(SolutionConfigurationPlatforms) = preSolution
		Debug|Any CPU = Debug|Any CPU
		Release|Any CPU = Release|Any CPU
	EndGlobalSection
	GlobalSection(ProjectConfigurationPlatforms) = postSolution
		{759AEFA8-AB46-4C9C-93EE-9DEC0C51D384}.Debug|Any CPU.ActiveCfg = Debug|Any CPU
		{759AEFA8-AB46-4C9C-93EE-9DEC0C51D384}.Debug|Any CPU.Build.0 = Debug|Any CPU
		{759AEFA8-AB46-4C9C-93EE-9DEC0C51D384}.Release|Any CPU.ActiveCfg = Release|Any CPU
		{759AEFA8-AB46-4C9C-93EE-9DEC0C51D384}.Release|Any CPU.Build.0 = Release|Any CPU
	EndGlobalSection
	GlobalSection(SolutionProperties) = preSolution
		HideSolutionNode = FALSE
	EndGlobalSection
	GlobalSection(ExtensibilityGlobals) = postSolution
		SolutionGuid = {64A26D63-E5C2-43B4-B51E-DC6E90260B3A}
	EndGlobalSection
EndGlobal
